
Microsoft Visual Studio Solution File, Format Version 12.00
# Visual Studio Version 16
VisualStudioVersion = 16.0.30523.141
MinimumVisualStudioVersion = 10.0.40219.1
Project("{FAE04EC0-301F-11D3-BF4B-00C04F79EFBC}") = "jarUnlocker", "jarUnlocker\jarUnlocker.csproj", "{AB94CF27-D63B-4060-A947-150E768B4F2E}"
EndProject
Global
	GlobalSection(SolutionConfigurationPlatforms) = preSolution
		Debug|Any CPU = Debug|Any CPU
		Release|Any CPU = Release|Any CPU
	EndGlobalSection
	GlobalSection(ProjectConfigurationPlatforms) = postSolution
		{AB94CF27-D63B-4060-A947-150E768B4F2E}.Debug|Any CPU.ActiveCfg = Debug|Any CPU
		{AB94CF27-D63B-4060-A947-150E768B4F2E}.Debug|Any CPU.Build.0 = Debug|Any CPU
		{AB94CF27-D63B-4060-A947-150E768B4F2E}.Release|Any CPU.ActiveCfg = Release|Any CPU
		{AB94CF27-D63B-4060-A947-150E768B4F2E}.Release|Any CPU.Build.0 = Release|Any CPU
	EndGlobalSection
	GlobalSection(SolutionProperties) = preSolution
		HideSolutionNode = FALSE
	EndGlobalSection
	GlobalSection(ExtensibilityGlobals) = postSolution
		SolutionGuid = {A0C2CE9A-C7A9-4805-922A-92B5A89D16E0}
	EndGlobalSection
EndGlobal
